
Microsoft Visual Studio Solution File, Format Version 12.00
# Visual Studio Version 17
VisualStudioVersion = 17.12.35707.178
MinimumVisualStudioVersion = 10.0.40219.1
Project("{FAE04EC0-301F-11D3-BF4B-00C04F79EFBC}") = "lab1", "lab1.csproj", "{6E62EA06-79AE-4C87-A2C6-872B46AFCA33}"
EndProject
Global
	GlobalSection(SolutionConfigurationPlatforms) = preSolution
		Debug|Any CPU = Debug|Any CPU
		Release|Any CPU = Release|Any CPU
	EndGlobalSection
	GlobalSection(ProjectConfigurationPlatforms) = postSolution
		{6E62EA06-79AE-4C87-A2C6-872B46AFCA33}.Debug|Any CPU.ActiveCfg = Debug|Any CPU
		{6E62EA06-79AE-4C87-A2C6-872B46AFCA33}.Debug|Any CPU.Build.0 = Debug|Any CPU
		{6E62EA06-79AE-4C87-A2C6-872B46AFCA33}.Release|Any CPU.ActiveCfg = Release|Any CPU
		{6E62EA06-79AE-4C87-A2C6-872B46AFCA33}.Release|Any CPU.Build.0 = Release|Any CPU
	EndGlobalSection
	GlobalSection(SolutionProperties) = preSolution
		HideSolutionNode = FALSE
	EndGlobalSection
EndGlobal
